
Microsoft Visual Studio Solution File, Format Version 12.00
# Visual Studio 2013
VisualStudioVersion = 12.0.30723.0
MinimumVisualStudioVersion = 10.0.40219.1
Project("{FAE04EC0-301F-11D3-BF4B-00C04F79EFBC}") = "Rent-All Certificate", "Rent-All Certificate\Rent-All Certificate.csproj", "{D2DAEF83-9C25-412E-BE1A-ABABB8DFD12E}"
EndProject
Project("{FAE04EC0-301F-11D3-BF4B-00C04F79EFBC}") = "Rent-All Certificate.Tests", "Rent-All Certificate.Tests\Rent-All Certificate.Tests.csproj", "{CE5E3AD4-84D2-4C31-96C5-2AC4CA788AD4}"
EndProject
Project("{FAE04EC0-301F-11D3-BF4B-00C04F79EFBC}") = "Helpers", "Helpers\Helpers.csproj", "{133AA265-162F-49BD-94B8-3ABC8907FFB9}"
EndProject
Global
	GlobalSection(SolutionConfigurationPlatforms) = preSolution
		Debug|Any CPU = Debug|Any CPU
		Release|Any CPU = Release|Any CPU
	EndGlobalSection
	GlobalSection(ProjectConfigurationPlatforms) = postSolution
		{D2DAEF83-9C25-412E-BE1A-ABABB8DFD12E}.Debug|Any CPU.ActiveCfg = Debug|Any CPU
		{D2DAEF83-9C25-412E-BE1A-ABABB8DFD12E}.Debug|Any CPU.Build.0 = Debug|Any CPU
		{D2DAEF83-9C25-412E-BE1A-ABABB8DFD12E}.Release|Any CPU.ActiveCfg = Release|Any CPU
		{D2DAEF83-9C25-412E-BE1A-ABABB8DFD12E}.Release|Any CPU.Build.0 = Release|Any CPU
		{CE5E3AD4-84D2-4C31-96C5-2AC4CA788AD4}.Debug|Any CPU.ActiveCfg = Debug|Any CPU
		{CE5E3AD4-84D2-4C31-96C5-2AC4CA788AD4}.Debug|Any CPU.Build.0 = Debug|Any CPU
		{CE5E3AD4-84D2-4C31-96C5-2AC4CA788AD4}.Release|Any CPU.ActiveCfg = Release|Any CPU
		{CE5E3AD4-84D2-4C31-96C5-2AC4CA788AD4}.Release|Any CPU.Build.0 = Release|Any CPU
		{133AA265-162F-49BD-94B8-3ABC8907FFB9}.Debug|Any CPU.ActiveCfg = Debug|Any CPU
		{133AA265-162F-49BD-94B8-3ABC8907FFB9}.Debug|Any CPU.Build.0 = Debug|Any CPU
		{133AA265-162F-49BD-94B8-3ABC8907FFB9}.Release|Any CPU.ActiveCfg = Release|Any CPU
		{133AA265-162F-49BD-94B8-3ABC8907FFB9}.Release|Any CPU.Build.0 = Release|Any CPU
	EndGlobalSection
	GlobalSection(SolutionProperties) = preSolution
		HideSolutionNode = FALSE
	EndGlobalSection
EndGlobal
